
Microsoft Visual Studio Solution File, Format Version 12.00
# Visual Studio Version 16
VisualStudioVersion = 16.0.31624.102
MinimumVisualStudioVersion = 10.0.40219.1
Project("{FAE04EC0-301F-11D3-BF4B-00C04F79EFBC}") = "FromSoft Game Build Planner", "FromSoft Game Build Planner\FromSoft Game Build Planner.csproj", "{8084B542-AE78-43CE-93D2-55AC1498CA8E}"
EndProject
Project("{9A19103F-16F7-4668-BE54-9A1E7A4F7556}") = "SoulsFormats", "..\SoulsFormats\SoulsFormats\SoulsFormats.csproj", "{3E51FD1E-03FF-4578-A3BC-5B1BF12BFB56}"
EndProject
Global
	GlobalSection(SolutionConfigurationPlatforms) = preSolution
		Debug|Any CPU = Debug|Any CPU
		Release|Any CPU = Release|Any CPU
	EndGlobalSection
	GlobalSection(ProjectConfigurationPlatforms) = postSolution
		{8084B542-AE78-43CE-93D2-55AC1498CA8E}.Debug|Any CPU.ActiveCfg = Debug|Any CPU
		{8084B542-AE78-43CE-93D2-55AC1498CA8E}.Debug|Any CPU.Build.0 = Debug|Any CPU
		{8084B542-AE78-43CE-93D2-55AC1498CA8E}.Release|Any CPU.ActiveCfg = Release|Any CPU
		{8084B542-AE78-43CE-93D2-55AC1498CA8E}.Release|Any CPU.Build.0 = Release|Any CPU
		{3E51FD1E-03FF-4578-A3BC-5B1BF12BFB56}.Debug|Any CPU.ActiveCfg = Debug|Any CPU
		{3E51FD1E-03FF-4578-A3BC-5B1BF12BFB56}.Debug|Any CPU.Build.0 = Debug|Any CPU
		{3E51FD1E-03FF-4578-A3BC-5B1BF12BFB56}.Release|Any CPU.ActiveCfg = Release|Any CPU
		{3E51FD1E-03FF-4578-A3BC-5B1BF12BFB56}.Release|Any CPU.Build.0 = Release|Any CPU
	EndGlobalSection
	GlobalSection(SolutionProperties) = preSolution
		HideSolutionNode = FALSE
	EndGlobalSection
	GlobalSection(ExtensibilityGlobals) = postSolution
		SolutionGuid = {D5767FFA-7882-4564-871C-CB9564FB63C3}
	EndGlobalSection
EndGlobal
